
Microsoft Visual Studio Solution File, Format Version 12.00
# Visual Studio Version 16
VisualStudioVersion = 16.0.31729.503
MinimumVisualStudioVersion = 10.0.40219.1
Project("{FAE04EC0-301F-11D3-BF4B-00C04F79EFBC}") = "FitnessBl", "FitnessBl\FitnessBl.csproj", "{A785DDCF-2677-409A-A93A-7BAA4D689052}"
EndProject
Project("{FAE04EC0-301F-11D3-BF4B-00C04F79EFBC}") = "FitnessCMD", "FitnessCMD\FitnessCMD.csproj", "{0174AA0F-59BB-41B5-ADF3-EA7CCC5BA098}"
EndProject
Global
	GlobalSection(SolutionConfigurationPlatforms) = preSolution
		Debug|Any CPU = Debug|Any CPU
		Release|Any CPU = Release|Any CPU
	EndGlobalSection
	GlobalSection(ProjectConfigurationPlatforms) = postSolution
		{A785DDCF-2677-409A-A93A-7BAA4D689052}.Debug|Any CPU.ActiveCfg = Debug|Any CPU
		{A785DDCF-2677-409A-A93A-7BAA4D689052}.Debug|Any CPU.Build.0 = Debug|Any CPU
		{A785DDCF-2677-409A-A93A-7BAA4D689052}.Release|Any CPU.ActiveCfg = Release|Any CPU
		{A785DDCF-2677-409A-A93A-7BAA4D689052}.Release|Any CPU.Build.0 = Release|Any CPU
		{0174AA0F-59BB-41B5-ADF3-EA7CCC5BA098}.Debug|Any CPU.ActiveCfg = Debug|Any CPU
		{0174AA0F-59BB-41B5-ADF3-EA7CCC5BA098}.Debug|Any CPU.Build.0 = Debug|Any CPU
		{0174AA0F-59BB-41B5-ADF3-EA7CCC5BA098}.Release|Any CPU.ActiveCfg = Release|Any CPU
		{0174AA0F-59BB-41B5-ADF3-EA7CCC5BA098}.Release|Any CPU.Build.0 = Release|Any CPU
	EndGlobalSection
	GlobalSection(SolutionProperties) = preSolution
		HideSolutionNode = FALSE
	EndGlobalSection
	GlobalSection(ExtensibilityGlobals) = postSolution
		SolutionGuid = {121B24C8-AD75-428A-B4FE-10393F25EA3A}
	EndGlobalSection
EndGlobal
